{
  "name": "kumandra-js-node-example",
  "version": "0.1.0",
  "lockfileVersion": 2,
  "requires": true,
  "packages": {
    "": {
      "name": "kumandra-js-node-example",
      "version": "0.1.0",
      "dependencies": {
        "@kumandra/kumandra": "file:../../../kumandra.js"
      },
      "devDependencies": {
        "@types/node": "^16.11.9",
        "typescript": "^4.5.4"
      }
    },
    "../..": {
      "version": "1.0.0",
      "license": "MIT",
      "dependencies": {
        "@polkadot/api": "^7.7.1",
        "@polkadot/extension-dapp": "^0.42.7",
        "@polkadot/types": "^7.7.1",
        "@polkadot/ui-keyring": "^1.0.1",
        "@polkadot/util": "^8.3.3",
        "@polkadot/util-crypto": "^8.3.3"
      },
      "devDependencies": {
        "@typescript-eslint/eslint-plugin": "^4.31.1",
        "@typescript-eslint/parser": "^4.31.1",
        "eslint": "^7.32.0",
        "eslint-plugin-eslint-plugin": "^3.5.3",
        "typescript": "^4.5.4"
      }
    },
    "node_modules/@kumandra/kumandra": {
      "resolved": "../..",
      "link": true
    },
    "node_modules/@types/node": {
      "version": "16.11.26",
      "resolved": "https://registry.npmjs.org/@types/node/-/node-16.11.26.tgz",
      "integrity": "sha512-GZ7bu5A6+4DtG7q9GsoHXy3ALcgeIHP4NnL0Vv2wu0uUB/yQex26v0tf6/na1mm0+bS9Uw+0DFex7aaKr2qawQ==",
      "dev": true
    },
    "node_modules/typescript": {
      "version": "4.6.3",
      "resolved": "https://registry.npmjs.org/typescript/-/typescript-4.6.3.tgz",
      "integrity": "sha512-yNIatDa5iaofVozS/uQJEl3JRWLKKGJKh6Yaiv0GLGSuhpFJe7P3SbHZ8/yjAHRQwKRoA6YZqlfjXWmVzoVSMw==",
      "dev": true,
      "bin": {
        "tsc": "bin/tsc",
        "tsserver": "bin/tsserver"
      },
      "engines": {
        "node": ">=4.2.0"
      }
    }
  },
  "dependencies": {
    "@kumandra/kumandra": {
      "version": "file:../..",
      "requires": {
        "@polkadot/api": "^7.7.1",
        "@polkadot/extension-dapp": "^0.42.7",
        "@polkadot/types": "^7.7.1",
        "@polkadot/ui-keyring": "^1.0.1",
        "@polkadot/util": "^8.3.3",
        "@polkadot/util-crypto": "^8.3.3",
        "@typescript-eslint/eslint-plugin": "^4.31.1",
        "@typescript-eslint/parser": "^4.31.1",
        "eslint": "^7.32.0",
        "eslint-plugin-eslint-plugin": "^3.5.3",
        "typescript": "^4.5.4"
      }
    },
    "@types/node": {
      "version": "16.11.26",
      "resolved": "https://registry.npmjs.org/@types/node/-/node-16.11.26.tgz",
      "integrity": "sha512-GZ7bu5A6+4DtG7q9GsoHXy3ALcgeIHP4NnL0Vv2wu0uUB/yQex26v0tf6/na1mm0+bS9Uw+0DFex7aaKr2qawQ==",
      "dev": true
    },
    "typescript": {
      "version": "4.6.3",
      "resolved": "https://registry.npmjs.org/typescript/-/typescript-4.6.3.tgz",
      "integrity": "sha512-yNIatDa5iaofVozS/uQJEl3JRWLKKGJKh6Yaiv0GLGSuhpFJe7P3SbHZ8/yjAHRQwKRoA6YZqlfjXWmVzoVSMw==",
      "dev": true
    }
  }
}
